{
  "name": "cryptohelper",
  "version": "1.0.0",
  "lockfileVersion": 1,
  "requires": true,
  "dependencies": {
    "caesar-salad": {
      "version": "2.1.0",
      "resolved": "https://registry.npmjs.org/caesar-salad/-/caesar-salad-2.1.0.tgz",
      "integrity": "sha512-ul2EGpFSv9ftddddOo/2PkzTlbEFbdgBtc7ESpEend/Kf26/eG2e25vUuG9TL4nc+lZgnSMnc4SRgE1o7086DQ==",
      "requires": {
        "char-buffer": "^1.0.0||^2.0.0"
      }
    },
    "char-buffer": {
      "version": "2.0.0",
      "resolved": "https://registry.npmjs.org/char-buffer/-/char-buffer-2.0.0.tgz",
      "integrity": "sha512-VhQ0Lv1guSq/VfUM2nmEQiqLyD/bPtGh0zAMNqP9fjnI1wNbOU1Bv1xEh0tEdxhieatZfmaCw08lhzNEyeHpkQ=="
    },
    "exif-parser": {
      "version": "0.1.12",
      "resolved": "https://registry.npmjs.org/exif-parser/-/exif-parser-0.1.12.tgz",
      "integrity": "sha1-WKnS1ywCwfbwKg70qRZicrd2CSI="
    },
    "jquery": {
      "version": "3.5.1",
      "resolved": "https://registry.npmjs.org/jquery/-/jquery-3.5.1.tgz",
      "integrity": "sha512-XwIBPqcMn57FxfT+Go5pzySnm4KWkT1Tv7gjrpT1srtf8Weynl6R273VJ5GjkRb51IzMp5nbaPjJXMWeju2MKg=="
    },
    "morse-code-encoder-and-decoder": {
      "version": "1.0.2",
      "resolved": "https://registry.npmjs.org/morse-code-encoder-and-decoder/-/morse-code-encoder-and-decoder-1.0.2.tgz",
      "integrity": "sha512-9J/d9fBwQ4wDuQle63+UPeR1wf4A2MHGZNMQKh/i4W2AFu70I7DJvaqymDO8Z3cK42KJbH7/LS6UBg94G2jMlw=="
    }
  }
}
